
Microsoft Visual Studio Solution File, Format Version 12.00
# Visual Studio Version 17
VisualStudioVersion = 17.10.34928.147
MinimumVisualStudioVersion = 10.0.40219.1
Project("{9A19103F-16F7-4668-BE54-9A1E7A4F7556}") = "ProcessMonitoringUtility", "ProcessMonitoringUtility.csproj", "{C3210484-8909-4F45-94E5-71191B208969}"
EndProject
Project("{FAE04EC0-301F-11D3-BF4B-00C04F79EFBC}") = "ProjectMonitoringUtility.Tests", "..\ProjectMonitoringUtility.Tests\ProjectMonitoringUtility.Tests.csproj", "{9B0B8B23-3402-4F9E-8DED-37E3DC24C2A0}"
EndProject
Global
	GlobalSection(SolutionConfigurationPlatforms) = preSolution
		Debug|Any CPU = Debug|Any CPU
		Release|Any CPU = Release|Any CPU
	EndGlobalSection
	GlobalSection(ProjectConfigurationPlatforms) = postSolution
		{C3210484-8909-4F45-94E5-71191B208969}.Debug|Any CPU.ActiveCfg = Debug|Any CPU
		{C3210484-8909-4F45-94E5-71191B208969}.Debug|Any CPU.Build.0 = Debug|Any CPU
		{C3210484-8909-4F45-94E5-71191B208969}.Release|Any CPU.ActiveCfg = Release|Any CPU
		{C3210484-8909-4F45-94E5-71191B208969}.Release|Any CPU.Build.0 = Release|Any CPU
		{9B0B8B23-3402-4F9E-8DED-37E3DC24C2A0}.Debug|Any CPU.ActiveCfg = Debug|Any CPU
		{9B0B8B23-3402-4F9E-8DED-37E3DC24C2A0}.Debug|Any CPU.Build.0 = Debug|Any CPU
		{9B0B8B23-3402-4F9E-8DED-37E3DC24C2A0}.Release|Any CPU.ActiveCfg = Release|Any CPU
		{9B0B8B23-3402-4F9E-8DED-37E3DC24C2A0}.Release|Any CPU.Build.0 = Release|Any CPU
	EndGlobalSection
	GlobalSection(SolutionProperties) = preSolution
		HideSolutionNode = FALSE
	EndGlobalSection
	GlobalSection(ExtensibilityGlobals) = postSolution
		SolutionGuid = {67A39548-4858-4AD6-A3E4-9CB40513C8C2}
	EndGlobalSection
EndGlobal
